
Microsoft Visual Studio Solution File, Format Version 12.00
Project("{FAE04EC0-301F-11D3-BF4B-00C04F79EFBC}") = "InstanceThreadPool", "InstanceThreadPool\InstanceThreadPool.csproj", "{B7E97743-27E5-4B76-800F-AD2F804C18C2}"
EndProject
Project("{FAE04EC0-301F-11D3-BF4B-00C04F79EFBC}") = "InstanceThreadPool.Console", "InstanceThreadPool.Console\InstanceThreadPool.Console.csproj", "{FCFBE4CA-6E61-49A4-A63B-8D4F2445C4CA}"
EndProject
Global
	GlobalSection(SolutionConfigurationPlatforms) = preSolution
		Debug|Any CPU = Debug|Any CPU
		Release|Any CPU = Release|Any CPU
	EndGlobalSection
	GlobalSection(ProjectConfigurationPlatforms) = postSolution
		{B7E97743-27E5-4B76-800F-AD2F804C18C2}.Debug|Any CPU.ActiveCfg = Debug|Any CPU
		{B7E97743-27E5-4B76-800F-AD2F804C18C2}.Debug|Any CPU.Build.0 = Debug|Any CPU
		{B7E97743-27E5-4B76-800F-AD2F804C18C2}.Release|Any CPU.ActiveCfg = Release|Any CPU
		{B7E97743-27E5-4B76-800F-AD2F804C18C2}.Release|Any CPU.Build.0 = Release|Any CPU
		{FCFBE4CA-6E61-49A4-A63B-8D4F2445C4CA}.Debug|Any CPU.ActiveCfg = Debug|Any CPU
		{FCFBE4CA-6E61-49A4-A63B-8D4F2445C4CA}.Debug|Any CPU.Build.0 = Debug|Any CPU
		{FCFBE4CA-6E61-49A4-A63B-8D4F2445C4CA}.Release|Any CPU.ActiveCfg = Release|Any CPU
		{FCFBE4CA-6E61-49A4-A63B-8D4F2445C4CA}.Release|Any CPU.Build.0 = Release|Any CPU
	EndGlobalSection
EndGlobal
